// !$*UTF8*$!
{
	archiveVersion = 1;
	classes = {
	};
	objectVersion = 46;
	objects = {

/* Begin PBXBuildFile section */
		780AFCB79EA39383C4F83AC3 /* Pods_SimpleCheckin.framework in Frameworks */ = {isa = PBXBuildFile; fileRef = 7EA9DBE6244ED38BF789040C /* Pods_SimpleCheckin.framework */; };
		ED26AA841D5C40580056EF98 /* AppDelegate.swift in Sources */ = {isa = PBXBuildFile; fileRef = ED26AA831D5C40580056EF98 /* AppDelegate.swift */; };
		ED26AA861D5C40580056EF98 /* LoginViewController.swift in Sources */ = {isa = PBXBuildFile; fileRef = ED26AA851D5C40580056EF98 /* LoginViewController.swift */; };
		ED26AA891D5C40580056EF98 /* Main.storyboard in Resources */ = {isa = PBXBuildFile; fileRef = ED26AA871D5C40580056EF98 /* Main.storyboard */; };
		ED26AA8B1D5C40580056EF98 /* Assets.xcassets in Resources */ = {isa = PBXBuildFile; fileRef = ED26AA8A1D5C40580056EF98 /* Assets.xcassets */; };
		ED26AA8E1D5C40580056EF98 /* LaunchScreen.storyboard in Resources */ = {isa = PBXBuildFile; fileRef = ED26AA8C1D5C40580056EF98 /* LaunchScreen.storyboard */; };
		ED26AA961D5C413B0056EF98 /* GoogleService-Info.plist in Resources */ = {isa = PBXBuildFile; fileRef = ED26AA951D5C413B0056EF98 /* GoogleService-Info.plist */; };
		ED26AA981D5C41590056EF98 /* guests.swift in Sources */ = {isa = PBXBuildFile; fileRef = ED26AA971D5C41590056EF98 /* guests.swift */; };
/* End PBXBuildFile section */

/* Begin PBXFileReference section */
		12B6CF79589C491E9C24B92E /* Pods-SimpleCheckin.debug.xcconfig */ = {isa = PBXFileReference; includeInIndex = 1; lastKnownFileType = text.xcconfig; name = "Pods-SimpleCheckin.debug.xcconfig"; path = "Pods/Target Support Files/Pods-SimpleCheckin/Pods-SimpleCheckin.debug.xcconfig"; sourceTree = "<group>"; };
		5028EF7ED252BDEF09E025E9 /* Pods-SimpleCheckin.release.xcconfig */ = {isa = PBXFileReference; includeInIndex = 1; lastKnownFileType = text.xcconfig; name = "Pods-SimpleCheckin.release.xcconfig"; path = "Pods/Target Support Files/Pods-SimpleCheckin/Pods-SimpleCheckin.release.xcconfig"; sourceTree = "<group>"; };
		7EA9DBE6244ED38BF789040C /* Pods_SimpleCheckin.framework */ = {isa = PBXFileReference; explicitFileType = wrapper.framework; includeInIndex = 0; path = Pods_SimpleCheckin.framework; sourceTree = BUILT_PRODUCTS_DIR; };
		ED26AA801D5C40580056EF98 /* SimpleCheckin.app */ = {isa = PBXFileReference; explicitFileType = wrapper.application; includeInIndex = 0; path = SimpleCheckin.app; sourceTree = BUILT_PRODUCTS_DIR; };
		ED26AA831D5C40580056EF98 /* AppDelegate.swift */ = {isa = PBXFileReference; lastKnownFileType = sourcecode.swift; path = AppDelegate.swift; sourceTree = "<group>"; };
		ED26AA851D5C40580056EF98 /* LoginViewController.swift */ = {isa = PBXFileReference; lastKnownFileType = sourcecode.swift; path = LoginViewController.swift; sourceTree = "<group>"; };
		ED26AA881D5C40580056EF98 /* Base */ = {isa = PBXFileReference; lastKnownFileType = file.storyboard; name = Base; path = Base.lproj/Main.storyboard; sourceTree = "<group>"; };
		ED26AA8A1D5C40580056EF98 /* Assets.xcassets */ = {isa = PBXFileReference; lastKnownFileType = folder.assetcatalog; path = Assets.xcassets; sourceTree = "<group>"; };
		ED26AA8D1D5C40580056EF98 /* Base */ = {isa = PBXFileReference; lastKnownFileType = file.storyboard; name = Base; path = Base.lproj/LaunchScreen.storyboard; sourceTree = "<group>"; };
		ED26AA8F1D5C40580056EF98 /* Info.plist */ = {isa = PBXFileReference; lastKnownFileType = text.plist.xml; path = Info.plist; sourceTree = "<group>"; };
		ED26AA951D5C413B0056EF98 /* GoogleService-Info.plist */ = {isa = PBXFileReference; fileEncoding = 4; lastKnownFileType = text.plist.xml; path = "GoogleService-Info.plist"; sourceTree = "<group>"; };
		ED26AA971D5C41590056EF98 /* guests.swift */ = {isa = PBXFileReference; fileEncoding = 4; lastKnownFileType = sourcecode.swift; path = guests.swift; sourceTree = "<group>"; };
/* End PBXFileReference section */

/* Begin PBXFrameworksBuildPhase section */
		ED26AA7D1D5C40580056EF98 /* Frameworks */ = {
			isa = PBXFrameworksBuildPhase;
			buildActionMask = 2147483647;
			files = (
				780AFCB79EA39383C4F83AC3 /* Pods_SimpleCheckin.framework in Frameworks */,
			);
			runOnlyForDeploymentPostprocessing = 0;
		};
/* End PBXFrameworksBuildPhase section */

/* Begin PBXGroup section */
		2277CB4678972975E82E0447 /* Frameworks */ = {
			isa = PBXGroup;
			children = (
				7EA9DBE6244ED38BF789040C /* Pods_SimpleCheckin.framework */,
			);
			name = Frameworks;
			sourceTree = "<group>";
		};
		6B2C03C5B6C28C5176B32A2A /* Pods */ = {
			isa = PBXGroup;
			children = (
				12B6CF79589C491E9C24B92E /* Pods-SimpleCheckin.debug.xcconfig */,
				5028EF7ED252BDEF09E025E9 /* Pods-SimpleCheckin.release.xcconfig */,
			);
			name = Pods;
			sourceTree = "<group>";
		};
		ED26AA771D5C40580056EF98 = {
			isa = PBXGroup;
			children = (
				ED26AA821D5C40580056EF98 /* SimpleCheckin */,
				ED26AA811D5C40580056EF98 /* Products */,
				6B2C03C5B6C28C5176B32A2A /* Pods */,
				2277CB4678972975E82E0447 /* Frameworks */,
			);
			sourceTree = "<group>";
		};
		ED26AA811D5C40580056EF98 /* Products */ = {
			isa = PBXGroup;
			children = (
				ED26AA801D5C40580056EF98 /* SimpleCheckin.app */,
			);
			name = Products;
			sourceTree = "<group>";
		};
		ED26AA821D5C40580056EF98 /* SimpleCheckin */ = {
			isa = PBXGroup;
			children = (
				ED26AA831D5C40580056EF98 /* AppDelegate.swift */,
				ED26AA851D5C40580056EF98 /* LoginViewController.swift */,
				ED26AA871D5C40580056EF98 /* Main.storyboard */,
				ED26AA8A1D5C40580056EF98 /* Assets.xcassets */,
				ED26AA8C1D5C40580056EF98 /* LaunchScreen.storyboard */,
				ED26AA951D5C413B0056EF98 /* GoogleService-Info.plist */,
				ED26AA8F1D5C40580056EF98 /* Info.plist */,
				ED26AA991D5C41640056EF98 /* Model */,
			);
			path = SimpleCheckin;
			sourceTree = "<group>";
		};
		ED26AA991D5C41640056EF98 /* Model */ = {
			isa = PBXGroup;
			children = (
				ED26AA971D5C41590056EF98 /* guests.swift */,
			);
			name = Model;
			sourceTree = "<group>";
		};
/* End PBXGroup section */

/* Begin PBXNativeTarget section */
		ED26AA7F1D5C40580056EF98 /* SimpleCheckin */ = {
			isa = PBXNativeTarget;
			buildConfigurationList = ED26AA921D5C40580056EF98 /* Build configuration list for PBXNativeTarget "SimpleCheckin" */;
			buildPhases = (
				27BD93CB33A39F558DEC7C72 /* [CP] Check Pods Manifest.lock */,
				ED26AA7C1D5C40580056EF98 /* Sources */,
				ED26AA7D1D5C40580056EF98 /* Frameworks */,
				ED26AA7E1D5C40580056EF98 /* Resources */,
				405224F22E390B5081908945 /* [CP] Embed Pods Frameworks */,
				AFBBC0B4CE98BBF8BE444375 /* [CP] Copy Pods Resources */,
			);
			buildRules = (
			);
			dependencies = (
			);
			name = SimpleCheckin;
			productName = SimpleCheckin;
			productReference = ED26AA801D5C40580056EF98 /* SimpleCheckin.app */;
			productType = "com.apple.product-type.application";
		};
/* End PBXNativeTarget section */

/* Begin PBXProject section */
		ED26AA781D5C40580056EF98 /* Project object */ = {
			isa = PBXProject;
			attributes = {
				LastSwiftUpdateCheck = 0730;
				LastUpgradeCheck = 0730;
				ORGANIZATIONNAME = "Jason Chan";
				TargetAttributes = {
					ED26AA7F1D5C40580056EF98 = {
						CreatedOnToolsVersion = 7.3.1;
					};
				};
			};
			buildConfigurationList = ED26AA7B1D5C40580056EF98 /* Build configuration list for PBXProject "SimpleCheckin" */;
			compatibilityVersion = "Xcode 3.2";
			developmentRegion = English;
			hasScannedForEncodings = 0;
			knownRegions = (
				en,
				Base,
			);
			mainGroup = ED26AA771D5C40580056EF98;
			productRefGroup = ED26AA811D5C40580056EF98 /* Products */;
			projectDirPath = "";
			projectRoot = "";
			targets = (
				ED26AA7F1D5C40580056EF98 /* SimpleCheckin */,
			);
		};
/* End PBXProject section */

/* Begin PBXResourcesBuildPhase section */
		ED26AA7E1D5C40580056EF98 /* Resources */ = {
			isa = PBXResourcesBuildPhase;
			buildActionMask = 2147483647;
			files = (
				ED26AA8E1D5C40580056EF98 /* LaunchScreen.storyboard in Resources */,
				ED26AA961D5C413B0056EF98 /* GoogleService-Info.plist in Resources */,
				ED26AA8B1D5C40580056EF98 /* Assets.xcassets in Resources */,
				ED26AA891D5C40580056EF98 /* Main.storyboard in Resources */,
			);
			runOnlyForDeploymentPostprocessing = 0;
		};
/* End PBXResourcesBuildPhase section */

/* Begin PBXShellScriptBuildPhase section */
		27BD93CB33A39F558DEC7C72 /* [CP] Check Pods Manifest.lock */ = {
			isa = PBXShellScriptBuildPhase;
			buildActionMask = 2147483647;
			files = (
			);
			inputPaths = (
			);
			name = "[CP] Check Pods Manifest.lock";
			outputPaths = (
			);
			runOnlyForDeploymentPostprocessing = 0;
			shellPath = /bin/sh;
			shellScript = "diff \"${PODS_ROOT}/../Podfile.lock\" \"${PODS_ROOT}/Manifest.lock\" > /dev/null\nif [[ $? != 0 ]] ; then\n    cat << EOM\nerror: The sandbox is not in sync with the Podfile.lock. Run 'pod install' or update your CocoaPods installation.\nEOM\n    exit 1\nfi\n";
			showEnvVarsInLog = 0;
		};
		405224F22E390B5081908945 /* [CP] Embed Pods Frameworks */ = {
			isa = PBXShellScriptBuildPhase;
			buildActionMask = 2147483647;
			files = (
			);
			inputPaths = (
			);
			name = "[CP] Embed Pods Frameworks";
			outputPaths = (
			);
			runOnlyForDeploymentPostprocessing = 0;
			shellPath = /bin/sh;
			shellScript = "\"${SRCROOT}/Pods/Target Support Files/Pods-SimpleCheckin/Pods-SimpleCheckin-frameworks.sh\"\n";
			showEnvVarsInLog = 0;
		};
		AFBBC0B4CE98BBF8BE444375 /* [CP] Copy Pods Resources */ = {
			isa = PBXShellScriptBuildPhase;
			buildActionMask = 2147483647;
			files = (
			);
			inputPaths = (
			);
			name = "[CP] Copy Pods Resources";
			outputPaths = (
			);
			runOnlyForDeploymentPostprocessing = 0;
			shellPath = /bin/sh;
			shellScript = "\"${SRCROOT}/Pods/Target Support Files/Pods-SimpleCheckin/Pods-SimpleCheckin-resources.sh\"\n";
			showEnvVarsInLog = 0;
		};
/* End PBXShellScriptBuildPhase section */

/* Begin PBXSourcesBuildPhase section */
		ED26AA7C1D5C40580056EF98 /* Sources */ = {
			isa = PBXSourcesBuildPhase;
			buildActionMask = 2147483647;
			files = (
				ED26AA861D5C40580056EF98 /* LoginViewController.swift in Sources */,
				ED26AA841D5C40580056EF98 /* AppDelegate.swift in Sources */,
				ED26AA981D5C41590056EF98 /* guests.swift in Sources */,
			);
			runOnlyForDeploymentPostprocessing = 0;
		};
/* End PBXSourcesBuildPhase section */

/* Begin PBXVariantGroup section */
		ED26AA871D5C40580056EF98 /* Main.storyboard */ = {
			isa = PBXVariantGroup;
			children = (
				ED26AA881D5C40580056EF98 /* Base */,
			);
			name = Main.storyboard;
			sourceTree = "<group>";
		};
		ED26AA8C1D5C40580056EF98 /* LaunchScreen.storyboard */ = {
			isa = PBXVariantGroup;
			children = (
				ED26AA8D1D5C40580056EF98 /* Base */,
			);
			name = LaunchScreen.storyboard;
			sourceTree = "<group>";
		};
/* End PBXVariantGroup section */

/* Begin XCBuildConfiguration section */
		ED26AA901D5C40580056EF98 /* Debug */ = {
			isa = XCBuildConfiguration;
			buildSettings = {
				ALWAYS_SEARCH_USER_PATHS = NO;
				CLANG_ANALYZER_NONNULL = YES;
				CLANG_CXX_LANGUAGE_STANDARD = "gnu++0x";
				CLANG_CXX_LIBRARY = "libc++";
				CLANG_ENABLE_MODULES = YES;
				CLANG_ENABLE_OBJC_ARC = YES;
				CLANG_WARN_BOOL_CONVERSION = YES;
				CLANG_WARN_CONSTANT_CONVERSION = YES;
				CLANG_WARN_DIRECT_OBJC_ISA_USAGE = YES_ERROR;
				CLANG_WARN_EMPTY_BODY = YES;
				CLANG_WARN_ENUM_CONVERSION = YES;
				CLANG_WARN_INT_CONVERSION = YES;
				CLANG_WARN_OBJC_ROOT_CLASS = YES_ERROR;
				CLANG_WARN_UNREACHABLE_CODE = YES;
				CLANG_WARN__DUPLICATE_METHOD_MATCH = YES;
				"CODE_SIGN_IDENTITY[sdk=iphoneos*]" = "iPhone Developer";
				COPY_PHASE_STRIP = NO;
				DEBUG_INFORMATION_FORMAT = dwarf;
				ENABLE_STRICT_OBJC_MSGSEND = YES;
				ENABLE_TESTABILITY = YES;
				GCC_C_LANGUAGE_STANDARD = gnu99;
				GCC_DYNAMIC_NO_PIC = NO;
				GCC_NO_COMMON_BLOCKS = YES;
				GCC_OPTIMIZATION_LEVEL = 0;
				GCC_PREPROCESSOR_DEFINITIONS = (
					"DEBUG=1",
					"$(inherited)",
				);
				GCC_WARN_64_TO_32_BIT_CONVERSION = YES;
				GCC_WARN_ABOUT_RETURN_TYPE = YES_ERROR;
				GCC_WARN_UNDECLARED_SELECTOR = YES;
				GCC_WARN_UNINITIALIZED_AUTOS = YES_AGGRESSIVE;
				GCC_WARN_UNUSED_FUNCTION = YES;
				GCC_WARN_UNUSED_VARIABLE = YES;
				IPHONEOS_DEPLOYMENT_TARGET = 9.3;
				MTL_ENABLE_DEBUG_INFO = YES;
				ONLY_ACTIVE_ARCH = YES;
				SDKROOT = iphoneos;
				SWIFT_OPTIMIZATION_LEVEL = "-Onone";
				TARGETED_DEVICE_FAMILY = 2;
			};
			name = Debug;
		};
		ED26AA911D5C40580056EF98 /* Release */ = {
			isa = XCBuildConfiguration;
			buildSettings = {
				ALWAYS_SEARCH_USER_PATHS = NO;
				CLANG_ANALYZER_NONNULL = YES;
				CLANG_CXX_LANGUAGE_STANDARD = "gnu++0x";
				CLANG_CXX_LIBRARY = "libc++";
				CLANG_ENABLE_MODULES = YES;
				CLANG_ENABLE_OBJC_ARC = YES;
				CLANG_WARN_BOOL_CONVERSION = YES;
				CLANG_WARN_CONSTANT_CONVERSION = YES;
				CLANG_WARN_DIRECT_OBJC_ISA_USAGE = YES_ERROR;
				CLANG_WARN_EMPTY_BODY = YES;
				CLANG_WARN_ENUM_CONVERSION = YES;
				CLANG_WARN_INT_CONVERSION = YES;
				CLANG_WARN_OBJC_ROOT_CLASS = YES_ERROR;
				CLANG_WARN_UNREACHABLE_CODE = YES;
				CLANG_WARN__DUPLICATE_METHOD_MATCH = YES;
				"CODE_SIGN_IDENTITY[sdk=iphoneos*]" = "iPhone Developer";
				COPY_PHASE_STRIP = NO;
				DEBUG_INFORMATION_FORMAT = "dwarf-with-dsym";
				ENABLE_NS_ASSERTIONS = NO;
				ENABLE_STRICT_OBJC_MSGSEND = YES;
				GCC_C_LANGUAGE_STANDARD = gnu99;
				GCC_NO_COMMON_BLOCKS = YES;
				GCC_WARN_64_TO_32_BIT_CONVERSION = YES;
				GCC_WARN_ABOUT_RETURN_TYPE = YES_ERROR;
				GCC_WARN_UNDECLARED_SELECTOR = YES;
				GCC_WARN_UNINITIALIZED_AUTOS = YES_AGGRESSIVE;
				GCC_WARN_UNUSED_FUNCTION = YES;
				GCC_WARN_UNUSED_VARIABLE = YES;
				IPHONEOS_DEPLOYMENT_TARGET = 9.3;
				MTL_ENABLE_DEBUG_INFO = NO;
				SDKROOT = iphoneos;
				TARGETED_DEVICE_FAMILY = 2;
				VALIDATE_PRODUCT = YES;
			};
			name = Release;
		};
		ED26AA931D5C40580056EF98 /* Debug */ = {
			isa = XCBuildConfiguration;
			baseConfigurationReference = 12B6CF79589C491E9C24B92E /* Pods-SimpleCheckin.debug.xcconfig */;
			buildSettings = {
				ASSETCATALOG_COMPILER_APPICON_NAME = AppIcon;
				INFOPLIST_FILE = SimpleCheckin/Info.plist;
				LD_RUNPATH_SEARCH_PATHS = "$(inherited) @executable_path/Frameworks";
				PRODUCT_BUNDLE_IDENTIFIER = "com.jason-chan.SimpleCheckin";
				PRODUCT_NAME = "$(TARGET_NAME)";
			};
			name = Debug;
		};
		ED26AA941D5C40580056EF98 /* Release */ = {
			isa = XCBuildConfiguration;
			baseConfigurationReference = 5028EF7ED252BDEF09E025E9 /* Pods-SimpleCheckin.release.xcconfig */;
			buildSettings = {
				ASSETCATALOG_COMPILER_APPICON_NAME = AppIcon;
				INFOPLIST_FILE = SimpleCheckin/Info.plist;
				LD_RUNPATH_SEARCH_PATHS = "$(inherited) @executable_path/Frameworks";
				PRODUCT_BUNDLE_IDENTIFIER = "com.jason-chan.SimpleCheckin";
				PRODUCT_NAME = "$(TARGET_NAME)";
			};
			name = Release;
		};
/* End XCBuildConfiguration section */

/* Begin XCConfigurationList section */
		ED26AA7B1D5C40580056EF98 /* Build configuration list for PBXProject "SimpleCheckin" */ = {
			isa = XCConfigurationList;
			buildConfigurations = (
				ED26AA901D5C40580056EF98 /* Debug */,
				ED26AA911D5C40580056EF98 /* Release */,
			);
			defaultConfigurationIsVisible = 0;
			defaultConfigurationName = Release;
		};
		ED26AA921D5C40580056EF98 /* Build configuration list for PBXNativeTarget "SimpleCheckin" */ = {
			isa = XCConfigurationList;
			buildConfigurations = (
				ED26AA931D5C40580056EF98 /* Debug */,
				ED26AA941D5C40580056EF98 /* Release */,
			);
			defaultConfigurationIsVisible = 0;
			defaultConfigurationName = Release;
		};
/* End XCConfigurationList section */
	};
	rootObject = ED26AA781D5C40580056EF98 /* Project object */;
}
